
Microsoft Visual Studio Solution File, Format Version 12.00
# Visual Studio 15
VisualStudioVersion = 15.0.27428.2037
MinimumVisualStudioVersion = 10.0.40219.1
Project("{A07B5EB6-E848-4116-A8D0-A826331D98C6}") = "gexe", "gexe\gexe.sfproj", "{E758259B-CDA9-4E0B-BFCC-07583FA52838}"
EndProject
Global
	GlobalSection(SolutionConfigurationPlatforms) = preSolution
		Debug|x64 = Debug|x64
		Release|x64 = Release|x64
	EndGlobalSection
	GlobalSection(ProjectConfigurationPlatforms) = postSolution
		{E758259B-CDA9-4E0B-BFCC-07583FA52838}.Debug|x64.ActiveCfg = Debug|x64
		{E758259B-CDA9-4E0B-BFCC-07583FA52838}.Debug|x64.Build.0 = Debug|x64
		{E758259B-CDA9-4E0B-BFCC-07583FA52838}.Debug|x64.Deploy.0 = Debug|x64
		{E758259B-CDA9-4E0B-BFCC-07583FA52838}.Release|x64.ActiveCfg = Release|x64
		{E758259B-CDA9-4E0B-BFCC-07583FA52838}.Release|x64.Build.0 = Release|x64
		{E758259B-CDA9-4E0B-BFCC-07583FA52838}.Release|x64.Deploy.0 = Release|x64
	EndGlobalSection
	GlobalSection(SolutionProperties) = preSolution
		HideSolutionNode = FALSE
	EndGlobalSection
	GlobalSection(ExtensibilityGlobals) = postSolution
		SolutionGuid = {E14105EC-B155-425C-A786-029BB1B0C754}
	EndGlobalSection
EndGlobal
